
Microsoft Visual Studio Solution File, Format Version 12.00
# Visual Studio Version 17
VisualStudioVersion = 17.14.37614.0 d17.14
MinimumVisualStudioVersion = 10.0.40219.1
Project("{FAE04EC0-301F-11D3-BF4B-00C04F79EFBC}") = "Bai1Module03", "Bai1Module03.csproj", "{B2990E17-F70B-4EDE-80E1-394527599A27}"
EndProject
Project("{FAE04EC0-301F-11D3-BF4B-00C04F79EFBC}") = "Bai2Module3", "..\Bai2Module3\Bai2Module3.csproj", "{17396BE8-0ABB-4BA8-87B7-6FD4C0DAB186}"
EndProject
Project("{FAE04EC0-301F-11D3-BF4B-00C04F79EFBC}") = "Bai3Module3", "..\Bai3Module3\Bai3Module3.csproj", "{AA304641-59AD-4DBF-9328-11158A87ECAB}"
EndProject
Global
	GlobalSection(SolutionConfigurationPlatforms) = preSolution
		Debug|Any CPU = Debug|Any CPU
		Release|Any CPU = Release|Any CPU
	EndGlobalSection
	GlobalSection(ProjectConfigurationPlatforms) = postSolution
		{B2990E17-F70B-4EDE-80E1-394527599A27}.Debug|Any CPU.ActiveCfg = Debug|Any CPU
		{B2990E17-F70B-4EDE-80E1-394527599A27}.Debug|Any CPU.Build.0 = Debug|Any CPU
		{B2990E17-F70B-4EDE-80E1-394527599A27}.Release|Any CPU.ActiveCfg = Release|Any CPU
		{B2990E17-F70B-4EDE-80E1-394527599A27}.Release|Any CPU.Build.0 = Release|Any CPU
		{17396BE8-0ABB-4BA8-87B7-6FD4C0DAB186}.Debug|Any CPU.ActiveCfg = Debug|Any CPU
		{17396BE8-0ABB-4BA8-87B7-6FD4C0DAB186}.Debug|Any CPU.Build.0 = Debug|Any CPU
		{17396BE8-0ABB-4BA8-87B7-6FD4C0DAB186}.Release|Any CPU.ActiveCfg = Release|Any CPU
		{17396BE8-0ABB-4BA8-87B7-6FD4C0DAB186}.Release|Any CPU.Build.0 = Release|Any CPU
		{AA304641-59AD-4DBF-9328-11158A87ECAB}.Debug|Any CPU.ActiveCfg = Debug|Any CPU
		{AA304641-59AD-4DBF-9328-11158A87ECAB}.Debug|Any CPU.Build.0 = Debug|Any CPU
		{AA304641-59AD-4DBF-9328-11158A87ECAB}.Release|Any CPU.ActiveCfg = Release|Any CPU
		{AA304641-59AD-4DBF-9328-11158A87ECAB}.Release|Any CPU.Build.0 = Release|Any CPU
	EndGlobalSection
	GlobalSection(SolutionProperties) = preSolution
		HideSolutionNode = FALSE
	EndGlobalSection
	GlobalSection(ExtensibilityGlobals) = postSolution
		SolutionGuid = {C4FB7229-DC9A-4ECD-B08A-FDD9F80EB922}
	EndGlobalSection
EndGlobal
